github.com/gethinode/hinode v0.20.2 h1:2Tcz593v9CAezogZzX9fXiN49nbUCkFbOacsAyjM1YI=
github.com/gethinode/hinode v0.20.2/go.mod h1:55zVYVPWwIaJVdVXxDAQZn0sOXmPSA/kTLCuGLYCH/k=
github.com/nextapps-de/flexsearch v0.0.0-20230711092928-1243fd883ec3 h1:H/qVR5O4BXjRjD+5PZB+r4ug2BSJ2Of4RtwOntd+OKo=
github.com/nextapps-de/flexsearch v0.0.0-20230711092928-1243fd883ec3/go.mod h1:5GdMfPAXzbA2gXBqTjC6l27kioSYzHlqDMh0+wyx7sU=
github.com/twbs/bootstrap v5.3.2+incompatible h1:tuiO5acc6xnZUR77Sbi5aKWXxjYxbmsSbJwYrhAKoQQ=
github.com/twbs/bootstrap v5.3.2+incompatible/go.mod h1:fZTSrkpSf0/HkL0IIJzvVspTt1r9zuf7XlZau8kpcY0=
